PODS:
  - Capacitor (6.1.2):
    - CapacitorCordova
  - CapacitorCordova (6.1.2)
  - IonicCapacitorBiometric (1.1.5):
    - Capacitor

DEPENDENCIES:
  - "Capacitor (from `../../node_modules/@capacitor/ios`)"
  - "CapacitorCordova (from `../../node_modules/@capacitor/ios`)"
  - IonicCapacitorBiometric (from `../../node_modules/ionic-capacitor-biometric`)

EXTERNAL SOURCES:
  Capacitor:
    :path: "../../node_modules/@capacitor/ios"
  CapacitorCordova:
    :path: "../../node_modules/@capacitor/ios"
  IonicCapacitorBiometric:
    :path: "../../node_modules/ionic-capacitor-biometric"

SPEC CHECKSUMS:
  Capacitor: 679f9673fdf30597493a6362a5d5bf233d46abc2
  CapacitorCordova: f48c89f96c319101cd2f0ce8a2b7449b5fb8b3dd
  IonicCapacitorBiometric: 718edc785f0e490b616ea7dac7aee3171494d201

PODFILE CHECKSUM: 5cf015763f63092ca29e02530dd19e6d083174d7

COCOAPODS: 1.12.1
